{
    "requires": true,
    "lockfileVersion": 1,
    "dependencies": {
        "page-flip": {
            "version": "2.0.0",
            "resolved": "https://registry.npmjs.org/page-flip/-/page-flip-2.0.0.tgz",
            "integrity": "sha512-un3ukWlmKf8V6JkvNnDzOahubPbJy9DvE4UZgDG4fcbzPFuOhVLMlOUTLhTdlYoSMJBSAWfh06sazm3rqfVwkQ=="
        },
        "three": {
            "version": "0.101.1",
            "resolved": "https://registry.npmjs.org/three/-/three-0.101.1.tgz",
            "integrity": "sha512-8ufimUVmRLtH+BTpEIbDjdGEKQOVWLMLgGynaKin1KbYTE136ZNOepJ8EgByi0tN43dQ7B1YrKLCJgXGy4bLmw=="
        }
    }
}
